
Microsoft Visual Studio Solution File, Format Version 12.00
# Visual Studio Version 17
VisualStudioVersion = 17.7.34018.315
MinimumVisualStudioVersion = 10.0.40219.1
Project("{9A19103F-16F7-4668-BE54-9A1E7A4F7556}") = "PsSqlClient", "PsSqlClient\src\PsSqlClient\PsSqlClient.csproj", "{A62593EE-D6BE-413C-9454-AE48B8B61822}"
EndProject
Project("{9A19103F-16F7-4668-BE54-9A1E7A4F7556}") = "PsDac", "PsDac\src\PsDac\PsDac.csproj", "{1867D2CA-88C4-4E78-B1E5-8300CA9A7C6C}"
EndProject
Project("{9A19103F-16F7-4668-BE54-9A1E7A4F7556}") = "PsSmo", "PsSmo\src\PsSmo\PsSmo.csproj", "{B4F58CF0-62D5-4D30-87AF-84F5BCF29F40}"
EndProject
Global
	GlobalSection(SolutionConfigurationPlatforms) = preSolution
		Debug|Any CPU = Debug|Any CPU
		Release|Any CPU = Release|Any CPU
	EndGlobalSection
	GlobalSection(ProjectConfigurationPlatforms) = postSolution
		{A62593EE-D6BE-413C-9454-AE48B8B61822}.Debug|Any CPU.ActiveCfg = Debug|Any CPU
		{A62593EE-D6BE-413C-9454-AE48B8B61822}.Debug|Any CPU.Build.0 = Debug|Any CPU
		{A62593EE-D6BE-413C-9454-AE48B8B61822}.Release|Any CPU.ActiveCfg = Release|Any CPU
		{A62593EE-D6BE-413C-9454-AE48B8B61822}.Release|Any CPU.Build.0 = Release|Any CPU
		{1867D2CA-88C4-4E78-B1E5-8300CA9A7C6C}.Debug|Any CPU.ActiveCfg = Debug|Any CPU
		{1867D2CA-88C4-4E78-B1E5-8300CA9A7C6C}.Debug|Any CPU.Build.0 = Debug|Any CPU
		{1867D2CA-88C4-4E78-B1E5-8300CA9A7C6C}.Release|Any CPU.ActiveCfg = Release|Any CPU
		{1867D2CA-88C4-4E78-B1E5-8300CA9A7C6C}.Release|Any CPU.Build.0 = Release|Any CPU
		{B4F58CF0-62D5-4D30-87AF-84F5BCF29F40}.Debug|Any CPU.ActiveCfg = Debug|Any CPU
		{B4F58CF0-62D5-4D30-87AF-84F5BCF29F40}.Debug|Any CPU.Build.0 = Debug|Any CPU
		{B4F58CF0-62D5-4D30-87AF-84F5BCF29F40}.Release|Any CPU.ActiveCfg = Release|Any CPU
		{B4F58CF0-62D5-4D30-87AF-84F5BCF29F40}.Release|Any CPU.Build.0 = Release|Any CPU
	EndGlobalSection
	GlobalSection(SolutionProperties) = preSolution
		HideSolutionNode = FALSE
	EndGlobalSection
	GlobalSection(ExtensibilityGlobals) = postSolution
		SolutionGuid = {C587AA24-A42A-4200-8485-87FB5401AB29}
	EndGlobalSection
EndGlobal
